
Microsoft Visual Studio Solution File, Format Version 12.00
# Visual Studio Version 16
VisualStudioVersion = 16.0.30804.86
MinimumVisualStudioVersion = 10.0.40219.1
Project("{FAE04EC0-301F-11D3-BF4B-00C04F79EFBC}") = "Aptacode.Physics", "Aptacode.Physics.csproj", "{3C14647F-E1FF-4639-99EC-55CF7095B5EC}"
EndProject
Project("{FAE04EC0-301F-11D3-BF4B-00C04F79EFBC}") = "Aptacode.Physics.Blazor", "..\Aptacode.Physics.Blazor\Aptacode.Physics.Blazor.csproj", "{1392F44D-B998-42CE-A408-C5A3EFFB9138}"
EndProject
Global
	GlobalSection(SolutionConfigurationPlatforms) = preSolution
		Debug|Any CPU = Debug|Any CPU
		Release|Any CPU = Release|Any CPU
	EndGlobalSection
	GlobalSection(ProjectConfigurationPlatforms) = postSolution
		{3C14647F-E1FF-4639-99EC-55CF7095B5EC}.Debug|Any CPU.ActiveCfg = Debug|Any CPU
		{3C14647F-E1FF-4639-99EC-55CF7095B5EC}.Debug|Any CPU.Build.0 = Debug|Any CPU
		{3C14647F-E1FF-4639-99EC-55CF7095B5EC}.Release|Any CPU.ActiveCfg = Release|Any CPU
		{3C14647F-E1FF-4639-99EC-55CF7095B5EC}.Release|Any CPU.Build.0 = Release|Any CPU
		{1392F44D-B998-42CE-A408-C5A3EFFB9138}.Debug|Any CPU.ActiveCfg = Debug|Any CPU
		{1392F44D-B998-42CE-A408-C5A3EFFB9138}.Debug|Any CPU.Build.0 = Debug|Any CPU
		{1392F44D-B998-42CE-A408-C5A3EFFB9138}.Release|Any CPU.ActiveCfg = Release|Any CPU
		{1392F44D-B998-42CE-A408-C5A3EFFB9138}.Release|Any CPU.Build.0 = Release|Any CPU
	EndGlobalSection
	GlobalSection(SolutionProperties) = preSolution
		HideSolutionNode = FALSE
	EndGlobalSection
	GlobalSection(ExtensibilityGlobals) = postSolution
		SolutionGuid = {2507E8CD-E18D-48AD-BD86-05585BDF22A5}
	EndGlobalSection
EndGlobal
